
Microsoft Visual Studio Solution File, Format Version 12.00
# Visual Studio Version 17
VisualStudioVersion = 17.4.33213.308
MinimumVisualStudioVersion = 10.0.40219.1
Project("{FAE04EC0-301F-11D3-BF4B-00C04F79EFBC}") = "UploadFileToAzure.Server", "Server\UploadFileToAzure.Server.csproj", "{8FF9364F-2F56-49DA-9684-3B67A367296A}"
EndProject
Project("{FAE04EC0-301F-11D3-BF4B-00C04F79EFBC}") = "UploadFileToAzure.Client", "Client\UploadFileToAzure.Client.csproj", "{1C12340B-A6E4-4BC7-9885-72FE85B8243B}"
EndProject
Project("{FAE04EC0-301F-11D3-BF4B-00C04F79EFBC}") = "UploadFileToAzure.Shared", "Shared\UploadFileToAzure.Shared.csproj", "{EA3C32D2-D0B0-497D-894F-D73F509A88A0}"
EndProject
Global
	GlobalSection(SolutionConfigurationPlatforms) = preSolution
		Debug|Any CPU = Debug|Any CPU
		Release|Any CPU = Release|Any CPU
	EndGlobalSection
	GlobalSection(ProjectConfigurationPlatforms) = postSolution
		{8FF9364F-2F56-49DA-9684-3B67A367296A}.Debug|Any CPU.ActiveCfg = Debug|Any CPU
		{8FF9364F-2F56-49DA-9684-3B67A367296A}.Debug|Any CPU.Build.0 = Debug|Any CPU
		{8FF9364F-2F56-49DA-9684-3B67A367296A}.Release|Any CPU.ActiveCfg = Release|Any CPU
		{8FF9364F-2F56-49DA-9684-3B67A367296A}.Release|Any CPU.Build.0 = Release|Any CPU
		{1C12340B-A6E4-4BC7-9885-72FE85B8243B}.Debug|Any CPU.ActiveCfg = Debug|Any CPU
		{1C12340B-A6E4-4BC7-9885-72FE85B8243B}.Debug|Any CPU.Build.0 = Debug|Any CPU
		{1C12340B-A6E4-4BC7-9885-72FE85B8243B}.Release|Any CPU.ActiveCfg = Release|Any CPU
		{1C12340B-A6E4-4BC7-9885-72FE85B8243B}.Release|Any CPU.Build.0 = Release|Any CPU
		{EA3C32D2-D0B0-497D-894F-D73F509A88A0}.Debug|Any CPU.ActiveCfg = Debug|Any CPU
		{EA3C32D2-D0B0-497D-894F-D73F509A88A0}.Debug|Any CPU.Build.0 = Debug|Any CPU
		{EA3C32D2-D0B0-497D-894F-D73F509A88A0}.Release|Any CPU.ActiveCfg = Release|Any CPU
		{EA3C32D2-D0B0-497D-894F-D73F509A88A0}.Release|Any CPU.Build.0 = Release|Any CPU
	EndGlobalSection
	GlobalSection(SolutionProperties) = preSolution
		HideSolutionNode = FALSE
	EndGlobalSection
	GlobalSection(ExtensibilityGlobals) = postSolution
		SolutionGuid = {CF5A20E0-7847-4C1F-9DFC-4BF6AB50F42F}
	EndGlobalSection
EndGlobal
